{
  "version": 3,
  "project_id": "starclock_common_schema_fixture",
  "contract_id": "starclock_common_schema_fixture/default",
  "view": "default",
  "fingerprint": "924f5a723a22fbf8",
  "schema": {
    "project_id": "starclock_common_schema_fixture",
    "contract_id": "starclock_common_schema_fixture/default",
    "view": "default",
    "enums": [
      {
        "name": "ContentKind",
        "groups": {
          "values": [
            "common"
          ]
        },
        "values": [
          {
            "id": 0,
            "name": "CharacterForm"
          },
          {
            "id": 1,
            "name": "Ability"
          },
          {
            "id": 2,
            "name": "Trace"
          },
          {
            "id": 3,
            "name": "Eidolon"
          },
          {
            "id": 4,
            "name": "LightCone"
          },
          {
            "id": 5,
            "name": "Effect"
          },
          {
            "id": 6,
            "name": "Modifier"
          },
          {
            "id": 7,
            "name": "Rule"
          },
          {
            "id": 8,
            "name": "StateSlot"
          },
          {
            "id": 9,
            "name": "Selector"
          },
          {
            "id": 10,
            "name": "Program"
          },
          {
            "id": 11,
            "name": "Enemy"
          },
          {
            "id": 12,
            "name": "EnemyVariant"
          },
          {
            "id": 13,
            "name": "EnemyAbility"
          },
          {
            "id": 14,
            "name": "AiGraph"
          },
          {
            "id": 15,
            "name": "Encounter"
          },
          {
            "id": 16,
            "name": "Scenario"
          },
          {
            "id": 17,
            "name": "Activity"
          },
          {
            "id": 18,
            "name": "StandardProfile"
          },
          {
            "id": 19,
            "name": "SyntheticFixture"
          }
        ]
      },
      {
        "name": "ReleaseState",
        "groups": {
          "values": [
            "common"
          ]
        },
        "values": [
          {
            "id": 0,
            "name": "Released"
          },
          {
            "id": 1,
            "name": "Announced"
          },
          {
            "id": 2,
            "name": "ProjectFixture"
          }
        ]
      },
      {
        "name": "CoverageState",
        "groups": {
          "values": [
            "common"
          ]
        },
        "values": [
          {
            "id": 0,
            "name": "Cataloged"
          },
          {
            "id": 1,
            "name": "Documented"
          },
          {
            "id": 2,
            "name": "Researching"
          },
          {
            "id": 3,
            "name": "DataReady"
          },
          {
            "id": 4,
            "name": "GoldenVerified"
          },
          {
            "id": 5,
            "name": "Disabled"
          }
        ]
      },
      {
        "name": "SourceCategory",
        "groups": {
          "values": [
            "common"
          ]
        },
        "values": [
          {
            "id": 0,
            "name": "OfficialPublic"
          },
          {
            "id": 1,
            "name": "ProjectObservation"
          },
          {
            "id": 2,
            "name": "CommunityMaintained"
          },
          {
            "id": 3,
            "name": "StructuredTranscription"
          },
          {
            "id": 4,
            "name": "ProjectPolicy"
          },
          {
            "id": 5,
            "name": "SyntheticFixture"
          }
        ]
      },
      {
        "name": "Confidence",
        "groups": {
          "values": [
            "common"
          ]
        },
        "values": [
          {
            "id": 0,
            "name": "OfficialVersionAndReleaseBoundary"
          },
          {
            "id": 1,
            "name": "PreparedExactStructured"
          },
          {
            "id": 2,
            "name": "SecondaryVersionSensitiveCrossCheck"
          },
          {
            "id": 3,
            "name": "PreparedContractPendingExecutableGolden"
          },
          {
            "id": 4,
            "name": "ReleasedTextBoundApproximation"
          },
          {
            "id": 5,
            "name": "Observed"
          },
          {
            "id": 6,
            "name": "ProjectPolicy"
          },
          {
            "id": 7,
            "name": "SyntheticFixture"
          }
        ]
      },
      {
        "name": "EvidenceKind",
        "groups": {
          "values": [
            "common"
          ]
        },
        "values": [
          {
            "id": 0,
            "name": "SourcePayload"
          },
          {
            "id": 1,
            "name": "ReleasedText"
          },
          {
            "id": 2,
            "name": "Observation"
          },
          {
            "id": 3,
            "name": "GoldenFixture"
          },
          {
            "id": 4,
            "name": "ProjectPolicy"
          }
        ]
      },
      {
        "name": "FactQuality",
        "groups": {
          "values": [
            "common"
          ]
        },
        "values": [
          {
            "id": 0,
            "name": "ExactStructured"
          },
          {
            "id": 1,
            "name": "ExactPreviousRelease"
          },
          {
            "id": 2,
            "name": "DerivedWithMissingReferences"
          },
          {
            "id": 3,
            "name": "ApproximateFromReleasedText"
          },
          {
            "id": 4,
            "name": "Observed"
          },
          {
            "id": 5,
            "name": "ProjectPolicy"
          },
          {
            "id": 6,
            "name": "SyntheticFixture"
          }
        ]
      },
      {
        "name": "MechanismQuality",
        "groups": {
          "values": [
            "common"
          ]
        },
        "values": [
          {
            "id": 0,
            "name": "ExactStructured"
          },
          {
            "id": 1,
            "name": "ExactPreviousReleaseText"
          },
          {
            "id": 2,
            "name": "ApproximateFromReleasedText"
          },
          {
            "id": 3,
            "name": "Observed"
          },
          {
            "id": 4,
            "name": "ProjectPolicy"
          },
          {
            "id": 5,
            "name": "SyntheticFixture"
          }
        ]
      }
    ],
    "structs": [],
    "unions": [],
    "tables": [
      {
        "id": "source-record",
        "name": "SourceRecord",
        "canonical_name": "SourceRecord",
        "groups": {
          "values": [
            "common"
          ]
        },
        "mode": "Map",
        "key": "id",
        "source": {
          "format": "toml",
          "file": "SourceRecord.toml"
        },
        "fields": [
          {
            "name": "id",
            "ty": "I32",
            "groups": {
              "values": [
                "common"
              ]
            },
            "key": true,
            "comment": null,
            "default": null,
            "range": [
              1,
              2147483647
            ],
            "length": null,
            "parser": null,
            "derived_from": null
          },
          {
            "name": "stable_key",
            "ty": "String",
            "groups": {
              "values": [
                "common"
              ]
            },
            "key": false,
            "comment": null,
            "default": null,
            "range": null,
            "length": [
              1,
              160
            ],
            "parser": null,
            "derived_from": null
          },
          {
            "name": "publisher",
            "ty": "String",
            "groups": {
              "values": [
                "common"
              ]
            },
            "key": false,
            "comment": null,
            "default": null,
            "range": null,
            "length": [
              1,
              200
            ],
            "parser": null,
            "derived_from": null
          },
          {
            "name": "url",
            "ty": "String",
            "groups": {
              "values": [
                "common"
              ]
            },
            "key": false,
            "comment": null,
            "default": null,
            "range": null,
            "length": [
              1,
              2048
            ],
            "parser": null,
            "derived_from": null
          },
          {
            "name": "accessed_on",
            "ty": "String",
            "groups": {
              "values": [
                "common"
              ]
            },
            "key": false,
            "comment": null,
            "default": null,
            "range": null,
            "length": [
              10,
              10
            ],
            "parser": null,
            "derived_from": null
          },
          {
            "name": "applicable_game_version",
            "ty": "String",
            "groups": {
              "values": [
                "common"
              ]
            },
            "key": false,
            "comment": null,
            "default": null,
            "range": null,
            "length": [
              1,
              32
            ],
            "parser": null,
            "derived_from": null
          },
          {
            "name": "category",
            "ty": {
              "Enum": "SourceCategory"
            },
            "groups": {
              "values": [
                "common"
              ]
            },
            "key": false,
            "comment": null,
            "default": null,
            "range": null,
            "length": null,
            "parser": null,
            "derived_from": null
          },
          {
            "name": "confidence",
            "ty": {
              "Enum": "Confidence"
            },
            "groups": {
              "values": [
                "common"
              ]
            },
            "key": false,
            "comment": null,
            "default": null,
            "range": null,
            "length": null,
            "parser": null,
            "derived_from": null
          },
          {
            "name": "usage_note",
            "ty": "String",
            "groups": {
              "values": [
                "common"
              ]
            },
            "key": false,
            "comment": null,
            "default": null,
            "range": null,
            "length": [
              1,
              1000
            ],
            "parser": null,
            "derived_from": null
          },
          {
            "name": "evidence_sha256",
            "ty": "String",
            "groups": {
              "values": [
                "common"
              ]
            },
            "key": false,
            "comment": null,
            "default": null,
            "range": null,
            "length": [
              64,
              64
            ],
            "parser": null,
            "derived_from": null
          },
          {
            "name": "conflict_note",
            "ty": {
              "Optional": "String"
            },
            "groups": {
              "values": [
                "common"
              ]
            },
            "key": false,
            "comment": null,
            "default": null,
            "range": null,
            "length": null,
            "parser": null,
            "derived_from": null
          }
        ],
        "indexes": [
          {
            "name": "by_stable_key",
            "fields": [
              "stable_key"
            ],
            "unique": true
          }
        ]
      },
      {
        "id": "evidence-record",
        "name": "EvidenceRecord",
        "canonical_name": "EvidenceRecord",
        "groups": {
          "values": [
            "common"
          ]
        },
        "mode": "Map",
        "key": "id",
        "source": {
          "format": "toml",
          "file": "EvidenceRecord.toml"
        },
        "fields": [
          {
            "name": "id",
            "ty": "I32",
            "groups": {
              "values": [
                "common"
              ]
            },
            "key": true,
            "comment": null,
            "default": null,
            "range": [
              1,
              2147483647
            ],
            "length": null,
            "parser": null,
            "derived_from": null
          },
          {
            "name": "stable_key",
            "ty": "String",
            "groups": {
              "values": [
                "common"
              ]
            },
            "key": false,
            "comment": null,
            "default": null,
            "range": null,
            "length": [
              1,
              160
            ],
            "parser": null,
            "derived_from": null
          },
          {
            "name": "kind",
            "ty": {
              "Enum": "EvidenceKind"
            },
            "groups": {
              "values": [
                "common"
              ]
            },
            "key": false,
            "comment": null,
            "default": null,
            "range": null,
            "length": null,
            "parser": null,
            "derived_from": null
          },
          {
            "name": "source_record_id",
            "ty": {
              "Optional": {
                "Ref": {
                  "table": "SourceRecord",
                  "field": "id"
                }
              }
            },
            "groups": {
              "values": [
                "common"
              ]
            },
            "key": false,
            "comment": null,
            "default": null,
            "range": null,
            "length": null,
            "parser": null,
            "derived_from": null
          },
          {
            "name": "sha256",
            "ty": "String",
            "groups": {
              "values": [
                "common"
              ]
            },
            "key": false,
            "comment": null,
            "default": null,
            "range": null,
            "length": [
              64,
              64
            ],
            "parser": null,
            "derived_from": null
          },
          {
            "name": "note",
            "ty": "String",
            "groups": {
              "values": [
                "common"
              ]
            },
            "key": false,
            "comment": null,
            "default": null,
            "range": null,
            "length": [
              1,
              1000
            ],
            "parser": null,
            "derived_from": null
          }
        ],
        "indexes": [
          {
            "name": "by_stable_key",
            "fields": [
              "stable_key"
            ],
            "unique": true
          }
        ]
      },
      {
        "id": "content-identity",
        "name": "ContentIdentity",
        "canonical_name": "ContentIdentity",
        "groups": {
          "values": [
            "common"
          ]
        },
        "mode": "Map",
        "key": "id",
        "source": {
          "format": "toml",
          "file": "ContentIdentity.toml"
        },
        "fields": [
          {
            "name": "id",
            "ty": "I32",
            "groups": {
              "values": [
                "common"
              ]
            },
            "key": true,
            "comment": null,
            "default": null,
            "range": [
              1,
              2147483647
            ],
            "length": null,
            "parser": null,
            "derived_from": null
          },
          {
            "name": "stable_key",
            "ty": "String",
            "groups": {
              "values": [
                "common"
              ]
            },
            "key": false,
            "comment": null,
            "default": null,
            "range": null,
            "length": [
              1,
              160
            ],
            "parser": null,
            "derived_from": null
          },
          {
            "name": "content_kind",
            "ty": {
              "Enum": "ContentKind"
            },
            "groups": {
              "values": [
                "common"
              ]
            },
            "key": false,
            "comment": null,
            "default": null,
            "range": null,
            "length": null,
            "parser": null,
            "derived_from": null
          },
          {
            "name": "name_en",
            "ty": "String",
            "groups": {
              "values": [
                "common"
              ]
            },
            "key": false,
            "comment": null,
            "default": null,
            "range": null,
            "length": [
              1,
              200
            ],
            "parser": null,
            "derived_from": null
          },
          {
            "name": "name_zh_cn",
            "ty": "String",
            "groups": {
              "values": [
                "common"
              ]
            },
            "key": false,
            "comment": null,
            "default": null,
            "range": null,
            "length": [
              1,
              200
            ],
            "parser": null,
            "derived_from": null
          },
          {
            "name": "summary_en",
            "ty": "String",
            "groups": {
              "values": [
                "common"
              ]
            },
            "key": false,
            "comment": null,
            "default": null,
            "range": null,
            "length": [
              1,
              1000
            ],
            "parser": null,
            "derived_from": null
          },
          {
            "name": "summary_zh_cn",
            "ty": "String",
            "groups": {
              "values": [
                "common"
              ]
            },
            "key": false,
            "comment": null,
            "default": null,
            "range": null,
            "length": [
              1,
              1000
            ],
            "parser": null,
            "derived_from": null
          },
          {
            "name": "game_version_introduced",
            "ty": "String",
            "groups": {
              "values": [
                "common"
              ]
            },
            "key": false,
            "comment": null,
            "default": null,
            "range": null,
            "length": [
              1,
              32
            ],
            "parser": null,
            "derived_from": null
          },
          {
            "name": "game_version_snapshot",
            "ty": "String",
            "groups": {
              "values": [
                "common"
              ]
            },
            "key": false,
            "comment": null,
            "default": null,
            "range": null,
            "length": [
              1,
              32
            ],
            "parser": null,
            "derived_from": null
          },
          {
            "name": "release_state",
            "ty": {
              "Enum": "ReleaseState"
            },
            "groups": {
              "values": [
                "common"
              ]
            },
            "key": false,
            "comment": null,
            "default": null,
            "range": null,
            "length": null,
            "parser": null,
            "derived_from": null
          },
          {
            "name": "enabled",
            "ty": "Bool",
            "groups": {
              "values": [
                "common"
              ]
            },
            "key": false,
            "comment": null,
            "default": null,
            "range": null,
            "length": null,
            "parser": null,
            "derived_from": null
          },
          {
            "name": "coverage_state",
            "ty": {
              "Enum": "CoverageState"
            },
            "groups": {
              "values": [
                "common"
              ]
            },
            "key": false,
            "comment": null,
            "default": null,
            "range": null,
            "length": null,
            "parser": null,
            "derived_from": null
          },
          {
            "name": "source_record_ids",
            "ty": {
              "List": {
                "Ref": {
                  "table": "SourceRecord",
                  "field": "id"
                }
              }
            },
            "groups": {
              "values": [
                "common"
              ]
            },
            "key": false,
            "comment": null,
            "default": null,
            "range": null,
            "length": [
              1,
              32
            ],
            "parser": {
              "kind": "split",
              "options": {
                "separator": "|"
              }
            },
            "derived_from": null
          }
        ],
        "indexes": [
          {
            "name": "by_stable_key",
            "fields": [
              "stable_key"
            ],
            "unique": true
          }
        ]
      },
      {
        "id": "content-evidence-binding",
        "name": "ContentEvidenceBinding",
        "canonical_name": "ContentEvidenceBinding",
        "groups": {
          "values": [
            "common"
          ]
        },
        "mode": "List",
        "key": null,
        "source": {
          "format": "toml",
          "file": "ContentEvidenceBinding.toml"
        },
        "fields": [
          {
            "name": "content_id",
            "ty": {
              "Ref": {
                "table": "ContentIdentity",
                "field": "id"
              }
            },
            "groups": {
              "values": [
                "common"
              ]
            },
            "key": false,
            "comment": null,
            "default": null,
            "range": null,
            "length": null,
            "parser": null,
            "derived_from": null
          },
          {
            "name": "sequence",
            "ty": "I32",
            "groups": {
              "values": [
                "common"
              ]
            },
            "key": false,
            "comment": null,
            "default": null,
            "range": [
              1,
              2147483647
            ],
            "length": null,
            "parser": null,
            "derived_from": null
          },
          {
            "name": "fact_key",
            "ty": "String",
            "groups": {
              "values": [
                "common"
              ]
            },
            "key": false,
            "comment": null,
            "default": null,
            "range": null,
            "length": [
              1,
              240
            ],
            "parser": null,
            "derived_from": null
          },
          {
            "name": "source_record_id",
            "ty": {
              "Ref": {
                "table": "SourceRecord",
                "field": "id"
              }
            },
            "groups": {
              "values": [
                "common"
              ]
            },
            "key": false,
            "comment": null,
            "default": null,
            "range": null,
            "length": null,
            "parser": null,
            "derived_from": null
          },
          {
            "name": "evidence_record_id",
            "ty": {
              "Ref": {
                "table": "EvidenceRecord",
                "field": "id"
              }
            },
            "groups": {
              "values": [
                "common"
              ]
            },
            "key": false,
            "comment": null,
            "default": null,
            "range": null,
            "length": null,
            "parser": null,
            "derived_from": null
          },
          {
            "name": "quality",
            "ty": {
              "Enum": "FactQuality"
            },
            "groups": {
              "values": [
                "common"
              ]
            },
            "key": false,
            "comment": null,
            "default": null,
            "range": null,
            "length": null,
            "parser": null,
            "derived_from": null
          },
          {
            "name": "mechanism_quality",
            "ty": {
              "Enum": "MechanismQuality"
            },
            "groups": {
              "values": [
                "common"
              ]
            },
            "key": false,
            "comment": null,
            "default": null,
            "range": null,
            "length": null,
            "parser": null,
            "derived_from": null
          },
          {
            "name": "approximation_note",
            "ty": {
              "Optional": "String"
            },
            "groups": {
              "values": [
                "common"
              ]
            },
            "key": false,
            "comment": null,
            "default": null,
            "range": null,
            "length": null,
            "parser": null,
            "derived_from": null
          }
        ],
        "indexes": [
          {
            "name": "by_content_sequence",
            "fields": [
              "content_id",
              "sequence"
            ],
            "unique": true
          },
          {
            "name": "by_content_fact",
            "fields": [
              "content_id",
              "fact_key"
            ],
            "unique": true
          }
        ]
      },
      {
        "id": "config-manifest",
        "name": "ConfigManifest",
        "canonical_name": "ConfigManifest",
        "groups": {
          "values": [
            "common"
          ]
        },
        "mode": "Singleton",
        "key": null,
        "source": {
          "format": "toml",
          "file": "ConfigManifest.toml"
        },
        "fields": [
          {
            "name": "game_version",
            "ty": "String",
            "groups": {
              "values": [
                "common"
              ]
            },
            "key": false,
            "comment": null,
            "default": null,
            "range": null,
            "length": [
              1,
              32
            ],
            "parser": null,
            "derived_from": null
          },
          {
            "name": "snapshot_date",
            "ty": "String",
            "groups": {
              "values": [
                "common"
              ]
            },
            "key": false,
            "comment": null,
            "default": null,
            "range": null,
            "length": [
              10,
              10
            ],
            "parser": null,
            "derived_from": null
          },
          {
            "name": "sora_cli_version",
            "ty": "String",
            "groups": {
              "values": [
                "common"
              ]
            },
            "key": false,
            "comment": null,
            "default": null,
            "range": null,
            "length": [
              1,
              32
            ],
            "parser": null,
            "derived_from": null
          }
        ],
        "indexes": []
      },
      {
        "id": "canonical-decimal-fixture",
        "name": "CanonicalDecimalFixture",
        "canonical_name": "CanonicalDecimalFixture",
        "groups": {
          "values": [
            "common"
          ]
        },
        "mode": "Map",
        "key": "id",
        "source": {
          "format": "toml",
          "file": "CanonicalDecimalFixture.toml"
        },
        "fields": [
          {
            "name": "id",
            "ty": "I32",
            "groups": {
              "values": [
                "common"
              ]
            },
            "key": true,
            "comment": null,
            "default": null,
            "range": [
              1,
              2147483647
            ],
            "length": null,
            "parser": null,
            "derived_from": null
          },
          {
            "name": "ratio_decimal",
            "ty": "String",
            "groups": {
              "values": [
                "common"
              ]
            },
            "key": false,
            "comment": null,
            "default": null,
            "range": null,
            "length": [
              1,
              32
            ],
            "parser": null,
            "derived_from": null
          },
          {
            "name": "signed_decimal",
            "ty": "String",
            "groups": {
              "values": [
                "common"
              ]
            },
            "key": false,
            "comment": null,
            "default": null,
            "range": null,
            "length": [
              1,
              32
            ],
            "parser": null,
            "derived_from": null
          },
          {
            "name": "upper_precision_decimal",
            "ty": "String",
            "groups": {
              "values": [
                "common"
              ]
            },
            "key": false,
            "comment": null,
            "default": null,
            "range": null,
            "length": [
              1,
              32
            ],
            "parser": null,
            "derived_from": null
          }
        ],
        "indexes": []
      }
    ]
  }
}